{
  "name": "tvg",
  "lockfileVersion": 2,
  "requires": true,
  "packages": {
    "": {
      "dependencies": {
        "lightpick": "^1.6.2"
      }
    },
    "node_modules/lightpick": {
      "version": "1.6.2",
      "resolved": "https://registry.npmjs.org/lightpick/-/lightpick-1.6.2.tgz",
      "integrity": "sha512-xQmKL6pvtKnLGI8sOgclgc/k6G8FvyjdfQy4nOm0iywD44gkER0ia7SR9cthdUIkkcDBFNHH8SfbPQJ33QF8fQ==",
      "deprecated": "Unmaintained in favor of Litepicker. Please use https://github.com/wakirin/Litepicker",
      "dependencies": {
        "moment": "^2.22.2"
      }
    },
    "node_modules/moment": {
      "version": "2.29.3",
      "resolved": "https://registry.npmjs.org/moment/-/moment-2.29.3.tgz",
      "integrity": "sha512-c6YRvhEo//6T2Jz/vVtYzqBzwvPT95JBQ+smCytzf7c50oMZRsR/a4w88aD34I+/QVSfnoAnSBFPJHItlOMJVw==",
      "engines": {
        "node": "*"
      }
    }
  },
  "dependencies": {
    "lightpick": {
      "version": "1.6.2",
      "resolved": "https://registry.npmjs.org/lightpick/-/lightpick-1.6.2.tgz",
      "integrity": "sha512-xQmKL6pvtKnLGI8sOgclgc/k6G8FvyjdfQy4nOm0iywD44gkER0ia7SR9cthdUIkkcDBFNHH8SfbPQJ33QF8fQ==",
      "requires": {
        "moment": "^2.22.2"
      }
    },
    "moment": {
      "version": "2.29.3",
      "resolved": "https://registry.npmjs.org/moment/-/moment-2.29.3.tgz",
      "integrity": "sha512-c6YRvhEo//6T2Jz/vVtYzqBzwvPT95JBQ+smCytzf7c50oMZRsR/a4w88aD34I+/QVSfnoAnSBFPJHItlOMJVw=="
    }
  }
}
